// !$*UTF8*$!
{
	archiveVersion = 1;
	classes = {
	};
	objectVersion = 50;
	objects = {

/* Begin PBXBuildFile section */
		169B49C6264BAA0C007B1C7B /* AppDelegate.swift in Sources */ = {isa = PBXBuildFile; fileRef = 169B49C5264BAA0C007B1C7B /* AppDelegate.swift */; };
		169B49C8264BAA0C007B1C7B /* SceneDelegate.swift in Sources */ = {isa = PBXBuildFile; fileRef = 169B49C7264BAA0C007B1C7B /* SceneDelegate.swift */; };
		169B49CA264BAA0C007B1C7B /* ViewController.swift in Sources */ = {isa = PBXBuildFile; fileRef = 169B49C9264BAA0C007B1C7B /* ViewController.swift */; };
		169B49CD264BAA0C007B1C7B /* Main.storyboard in Resources */ = {isa = PBXBuildFile; fileRef = 169B49CB264BAA0C007B1C7B /* Main.storyboard */; };
		169B49CF264BAA14007B1C7B /* Assets.xcassets in Resources */ = {isa = PBXBuildFile; fileRef = 169B49CE264BAA14007B1C7B /* Assets.xcassets */; };
		169B49D2264BAA14007B1C7B /* LaunchScreen.storyboard in Resources */ = {isa = PBXBuildFile; fileRef = 169B49D0264BAA14007B1C7B /* LaunchScreen.storyboard */; };
		169B49DD264BAA15007B1C7B /* CalculatorTests.swift in Sources */ = {isa = PBXBuildFile; fileRef = 169B49DC264BAA15007B1C7B /* CalculatorTests.swift */; };
		169B49E8264BAA15007B1C7B /* CalculatorUITests.swift in Sources */ = {isa = PBXBuildFile; fileRef = 169B49E7264BAA15007B1C7B /* CalculatorUITests.swift */; };
/* End PBXBuildFile section */

/* Begin PBXContainerItemProxy section */
		169B49D9264BAA15007B1C7B /* PBXContainerItemProxy */ = {
			isa = PBXContainerItemProxy;
			containerPortal = 169B49BA264BAA0C007B1C7B /* Project object */;
			proxyType = 1;
			remoteGlobalIDString = 169B49C1264BAA0C007B1C7B;
			remoteInfo = Calculator;
		};
		169B49E4264BAA15007B1C7B /* PBXContainerItemProxy */ = {
			isa = PBXContainerItemProxy;
			containerPortal = 169B49BA264BAA0C007B1C7B /* Project object */;
			proxyType = 1;
			remoteGlobalIDString = 169B49C1264BAA0C007B1C7B;
			remoteInfo = Calculator;
		};
/* End PBXContainerItemProxy section */

/* Begin PBXFileReference section */
		169B49C2264BAA0C007B1C7B /* Calculator.app */ = {isa = PBXFileReference; explicitFileType = wrapper.application; includeInIndex = 0; path = Calculator.app; sourceTree = BUILT_PRODUCTS_DIR; };
		169B49C5264BAA0C007B1C7B /* AppDelegate.swift */ = {isa = PBXFileReference; lastKnownFileType = sourcecode.swift; path = AppDelegate.swift; sourceTree = "<group>"; };
		169B49C7264BAA0C007B1C7B /* SceneDelegate.swift */ = {isa = PBXFileReference; lastKnownFileType = sourcecode.swift; path = SceneDelegate.swift; sourceTree = "<group>"; };
		169B49C9264BAA0C007B1C7B /* ViewController.swift */ = {isa = PBXFileReference; lastKnownFileType = sourcecode.swift; path = ViewController.swift; sourceTree = "<group>"; };
		169B49CC264BAA0C007B1C7B /* Base */ = {isa = PBXFileReference; lastKnownFileType = file.storyboard; name = Base; path = Base.lproj/Main.storyboard; sourceTree = "<group>"; };
		169B49CE264BAA14007B1C7B /* Assets.xcassets */ = {isa = PBXFileReference; lastKnownFileType = folder.assetcatalog; path = Assets.xcassets; sourceTree = "<group>"; };
		169B49D1264BAA14007B1C7B /* Base */ = {isa = PBXFileReference; lastKnownFileType = file.storyboard; name = Base; path = Base.lproj/LaunchScreen.storyboard; sourceTree = "<group>"; };
		169B49D3264BAA14007B1C7B /* Info.plist */ = {isa = PBXFileReference; lastKnownFileType = text.plist.xml; path = Info.plist; sourceTree = "<group>"; };
		169B49D8264BAA15007B1C7B /* CalculatorTests.xctest */ = {isa = PBXFileReference; explicitFileType = wrapper.cfbundle; includeInIndex = 0; path = CalculatorTests.xctest; sourceTree = BUILT_PRODUCTS_DIR; };
		169B49DC264BAA15007B1C7B /* CalculatorTests.swift */ = {isa = PBXFileReference; lastKnownFileType = sourcecode.swift; path = CalculatorTests.swift; sourceTree = "<group>"; };
		169B49DE264BAA15007B1C7B /* Info.plist */ = {isa = PBXFileReference; lastKnownFileType = text.plist.xml; path = Info.plist; sourceTree = "<group>"; };
		169B49E3264BAA15007B1C7B /* CalculatorUITests.xctest */ = {isa = PBXFileReference; explicitFileType = wrapper.cfbundle; includeInIndex = 0; path = CalculatorUITests.xctest; sourceTree = BUILT_PRODUCTS_DIR; };
		169B49E7264BAA15007B1C7B /* CalculatorUITests.swift */ = {isa = PBXFileReference; lastKnownFileType = sourcecode.swift; path = CalculatorUITests.swift; sourceTree = "<group>"; };
		169B49E9264BAA15007B1C7B /* Info.plist */ = {isa = PBXFileReference; lastKnownFileType = text.plist.xml; path = Info.plist; sourceTree = "<group>"; };
/* End PBXFileReference section */

/* Begin PBXFrameworksBuildPhase section */
		169B49BF264BAA0C007B1C7B /* Frameworks */ = {
			isa = PBXFrameworksBuildPhase;
			buildActionMask = 2147483647;
			files = (
			);
			runOnlyForDeploymentPostprocessing = 0;
		};
		169B49D5264BAA15007B1C7B /* Frameworks */ = {
			isa = PBXFrameworksBuildPhase;
			buildActionMask = 2147483647;
			files = (
			);
			runOnlyForDeploymentPostprocessing = 0;
		};
		169B49E0264BAA15007B1C7B /* Frameworks */ = {
			isa = PBXFrameworksBuildPhase;
			buildActionMask = 2147483647;
			files = (
			);
			runOnlyForDeploymentPostprocessing = 0;
		};
/* End PBXFrameworksBuildPhase section */

/* Begin PBXGroup section */
		169B49B9264BAA0C007B1C7B = {
			isa = PBXGroup;
			children = (
				169B49C4264BAA0C007B1C7B /* Calculator */,
				169B49DB264BAA15007B1C7B /* CalculatorTests */,
				169B49E6264BAA15007B1C7B /* CalculatorUITests */,
				169B49C3264BAA0C007B1C7B /* Products */,
			);
			sourceTree = "<group>";
		};
		169B49C3264BAA0C007B1C7B /* Products */ = {
			isa = PBXGroup;
			children = (
				169B49C2264BAA0C007B1C7B /* Calculator.app */,
				169B49D8264BAA15007B1C7B /* CalculatorTests.xctest */,
				169B49E3264BAA15007B1C7B /* CalculatorUITests.xctest */,
			);
			name = Products;
			sourceTree = "<group>";
		};
		169B49C4264BAA0C007B1C7B /* Calculator */ = {
			isa = PBXGroup;
			children = (
				169B49C5264BAA0C007B1C7B /* AppDelegate.swift */,
				169B49C7264BAA0C007B1C7B /* SceneDelegate.swift */,
				169B49C9264BAA0C007B1C7B /* ViewController.swift */,
				169B49CB264BAA0C007B1C7B /* Main.storyboard */,
				169B49CE264BAA14007B1C7B /* Assets.xcassets */,
				169B49D0264BAA14007B1C7B /* LaunchScreen.storyboard */,
				169B49D3264BAA14007B1C7B /* Info.plist */,
			);
			path = Calculator;
			sourceTree = "<group>";
		};
		169B49DB264BAA15007B1C7B /* CalculatorTests */ = {
			isa = PBXGroup;
			children = (
				169B49DC264BAA15007B1C7B /* CalculatorTests.swift */,
				169B49DE264BAA15007B1C7B /* Info.plist */,
			);
			path = CalculatorTests;
			sourceTree = "<group>";
		};
		169B49E6264BAA15007B1C7B /* CalculatorUITests */ = {
			isa = PBXGroup;
			children = (
				169B49E7264BAA15007B1C7B /* CalculatorUITests.swift */,
				169B49E9264BAA15007B1C7B /* Info.plist */,
			);
			path = CalculatorUITests;
			sourceTree = "<group>";
		};
/* End PBXGroup section */

/* Begin PBXNativeTarget section */
		169B49C1264BAA0C007B1C7B /* Calculator */ = {
			isa = PBXNativeTarget;
			buildConfigurationList = 169B49EC264BAA15007B1C7B /* Build configuration list for PBXNativeTarget "Calculator" */;
			buildPhases = (
				169B49BE264BAA0C007B1C7B /* Sources */,
				169B49BF264BAA0C007B1C7B /* Frameworks */,
				169B49C0264BAA0C007B1C7B /* Resources */,
			);
			buildRules = (
			);
			dependencies = (
			);
			name = Calculator;
			productName = Calculator;
			productReference = 169B49C2264BAA0C007B1C7B /* Calculator.app */;
			productType = "com.apple.product-type.application";
		};
		169B49D7264BAA15007B1C7B /* CalculatorTests */ = {
			isa = PBXNativeTarget;
			buildConfigurationList = 169B49EF264BAA15007B1C7B /* Build configuration list for PBXNativeTarget "CalculatorTests" */;
			buildPhases = (
				169B49D4264BAA15007B1C7B /* Sources */,
				169B49D5264BAA15007B1C7B /* Frameworks */,
				169B49D6264BAA15007B1C7B /* Resources */,
			);
			buildRules = (
			);
			dependencies = (
				169B49DA264BAA15007B1C7B /* PBXTargetDependency */,
			);
			name = CalculatorTests;
			productName = CalculatorTests;
			productReference = 169B49D8264BAA15007B1C7B /* CalculatorTests.xctest */;
			productType = "com.apple.product-type.bundle.unit-test";
		};
		169B49E2264BAA15007B1C7B /* CalculatorUITests */ = {
			isa = PBXNativeTarget;
			buildConfigurationList = 169B49F2264BAA15007B1C7B /* Build configuration list for PBXNativeTarget "CalculatorUITests" */;
			buildPhases = (
				169B49DF264BAA15007B1C7B /* Sources */,
				169B49E0264BAA15007B1C7B /* Frameworks */,
				169B49E1264BAA15007B1C7B /* Resources */,
			);
			buildRules = (
			);
			dependencies = (
				169B49E5264BAA15007B1C7B /* PBXTargetDependency */,
			);
			name = CalculatorUITests;
			productName = CalculatorUITests;
			productReference = 169B49E3264BAA15007B1C7B /* CalculatorUITests.xctest */;
			productType = "com.apple.product-type.bundle.ui-testing";
		};
/* End PBXNativeTarget section */

/* Begin PBXProject section */
		169B49BA264BAA0C007B1C7B /* Project object */ = {
			isa = PBXProject;
			attributes = {
				LastSwiftUpdateCheck = 1250;
				LastUpgradeCheck = 1250;
				TargetAttributes = {
					169B49C1264BAA0C007B1C7B = {
						CreatedOnToolsVersion = 12.5;
					};
					169B49D7264BAA15007B1C7B = {
						CreatedOnToolsVersion = 12.5;
						TestTargetID = 169B49C1264BAA0C007B1C7B;
					};
					169B49E2264BAA15007B1C7B = {
						CreatedOnToolsVersion = 12.5;
						TestTargetID = 169B49C1264BAA0C007B1C7B;
					};
				};
			};
			buildConfigurationList = 169B49BD264BAA0C007B1C7B /* Build configuration list for PBXProject "Calculator" */;
			compatibilityVersion = "Xcode 9.3";
			developmentRegion = en;
			hasScannedForEncodings = 0;
			knownRegions = (
				en,
				Base,
			);
			mainGroup = 169B49B9264BAA0C007B1C7B;
			productRefGroup = 169B49C3264BAA0C007B1C7B /* Products */;
			projectDirPath = "";
			projectRoot = "";
			targets = (
				169B49C1264BAA0C007B1C7B /* Calculator */,
				169B49D7264BAA15007B1C7B /* CalculatorTests */,
				169B49E2264BAA15007B1C7B /* CalculatorUITests */,
			);
		};
/* End PBXProject section */

/* Begin PBXResourcesBuildPhase section */
		169B49C0264BAA0C007B1C7B /* Resources */ = {
			isa = PBXResourcesBuildPhase;
			buildActionMask = 2147483647;
			files = (
				169B49D2264BAA14007B1C7B /* LaunchScreen.storyboard in Resources */,
				169B49CF264BAA14007B1C7B /* Assets.xcassets in Resources */,
				169B49CD264BAA0C007B1C7B /* Main.storyboard in Resources */,
			);
			runOnlyForDeploymentPostprocessing = 0;
		};
		169B49D6264BAA15007B1C7B /* Resources */ = {
			isa = PBXResourcesBuildPhase;
			buildActionMask = 2147483647;
			files = (
			);
			runOnlyForDeploymentPostprocessing = 0;
		};
		169B49E1264BAA15007B1C7B /* Resources */ = {
			isa = PBXResourcesBuildPhase;
			buildActionMask = 2147483647;
			files = (
			);
			runOnlyForDeploymentPostprocessing = 0;
		};
/* End PBXResourcesBuildPhase section */

/* Begin PBXSourcesBuildPhase section */
		169B49BE264BAA0C007B1C7B /* Sources */ = {
			isa = PBXSourcesBuildPhase;
			buildActionMask = 2147483647;
			files = (
				169B49CA264BAA0C007B1C7B /* ViewController.swift in Sources */,
				169B49C6264BAA0C007B1C7B /* AppDelegate.swift in Sources */,
				169B49C8264BAA0C007B1C7B /* SceneDelegate.swift in Sources */,
			);
			runOnlyForDeploymentPostprocessing = 0;
		};
		169B49D4264BAA15007B1C7B /* Sources */ = {
			isa = PBXSourcesBuildPhase;
			buildActionMask = 2147483647;
			files = (
				169B49DD264BAA15007B1C7B /* CalculatorTests.swift in Sources */,
			);
			runOnlyForDeploymentPostprocessing = 0;
		};
		169B49DF264BAA15007B1C7B /* Sources */ = {
			isa = PBXSourcesBuildPhase;
			buildActionMask = 2147483647;
			files = (
				169B49E8264BAA15007B1C7B /* CalculatorUITests.swift in Sources */,
			);
			runOnlyForDeploymentPostprocessing = 0;
		};
/* End PBXSourcesBuildPhase section */

/* Begin PBXTargetDependency section */
		169B49DA264BAA15007B1C7B /* PBXTargetDependency */ = {
			isa = PBXTargetDependency;
			target = 169B49C1264BAA0C007B1C7B /* Calculator */;
			targetProxy = 169B49D9264BAA15007B1C7B /* PBXContainerItemProxy */;
		};
		169B49E5264BAA15007B1C7B /* PBXTargetDependency */ = {
			isa = PBXTargetDependency;
			target = 169B49C1264BAA0C007B1C7B /* Calculator */;
			targetProxy = 169B49E4264BAA15007B1C7B /* PBXContainerItemProxy */;
		};
/* End PBXTargetDependency section */

/* Begin PBXVariantGroup section */
		169B49CB264BAA0C007B1C7B /* Main.storyboard */ = {
			isa = PBXVariantGroup;
			children = (
				169B49CC264BAA0C007B1C7B /* Base */,
			);
			name = Main.storyboard;
			sourceTree = "<group>";
		};
		169B49D0264BAA14007B1C7B /* LaunchScreen.storyboard */ = {
			isa = PBXVariantGroup;
			children = (
				169B49D1264BAA14007B1C7B /* Base */,
			);
			name = LaunchScreen.storyboard;
			sourceTree = "<group>";
		};
/* End PBXVariantGroup section */

/* Begin XCBuildConfiguration section */
		169B49EA264BAA15007B1C7B /* Debug */ = {
			isa = XCBuildConfiguration;
			buildSettings = {
				ALWAYS_SEARCH_USER_PATHS = NO;
				CLANG_ANALYZER_NONNULL = YES;
				CLANG_ANALYZER_NUMBER_OBJECT_CONVERSION = YES_AGGRESSIVE;
				CLANG_CXX_LANGUAGE_STANDARD = "gnu++14";
				CLANG_CXX_LIBRARY = "libc++";
				CLANG_ENABLE_MODULES = YES;
				CLANG_ENABLE_OBJC_ARC = YES;
				CLANG_ENABLE_OBJC_WEAK = YES;
				CLANG_WARN_BLOCK_CAPTURE_AUTORELEASING = YES;
				CLANG_WARN_BOOL_CONVERSION = YES;
				CLANG_WARN_COMMA = YES;
				CLANG_WARN_CONSTANT_CONVERSION = YES;
				CLANG_WARN_DEPRECATED_OBJC_IMPLEMENTATIONS = YES;
				CLANG_WARN_DIRECT_OBJC_ISA_USAGE = YES_ERROR;
				CLANG_WARN_DOCUMENTATION_COMMENTS = YES;
				CLANG_WARN_EMPTY_BODY = YES;
				CLANG_WARN_ENUM_CONVERSION = YES;
				CLANG_WARN_INFINITE_RECURSION = YES;
				CLANG_WARN_INT_CONVERSION = YES;
				CLANG_WARN_NON_LITERAL_NULL_CONVERSION = YES;
				CLANG_WARN_OBJC_IMPLICIT_RETAIN_SELF = YES;
				CLANG_WARN_OBJC_LITERAL_CONVERSION = YES;
				CLANG_WARN_OBJC_ROOT_CLASS = YES_ERROR;
				CLANG_WARN_QUOTED_INCLUDE_IN_FRAMEWORK_HEADER = YES;
				CLANG_WARN_RANGE_LOOP_ANALYSIS = YES;
				CLANG_WARN_STRICT_PROTOTYPES = YES;
				CLANG_WARN_SUSPICIOUS_MOVE = YES;
				CLANG_WARN_UNGUARDED_AVAILABILITY = YES_AGGRESSIVE;
				CLANG_WARN_UNREACHABLE_CODE = YES;
				CLANG_WARN__DUPLICATE_METHOD_MATCH = YES;
				COPY_PHASE_STRIP = NO;
				DEBUG_INFORMATION_FORMAT = dwarf;
				ENABLE_STRICT_OBJC_MSGSEND = YES;
				ENABLE_TESTABILITY = YES;
				GCC_C_LANGUAGE_STANDARD = gnu11;
				GCC_DYNAMIC_NO_PIC = NO;
				GCC_NO_COMMON_BLOCKS = YES;
				GCC_OPTIMIZATION_LEVEL = 0;
				GCC_PREPROCESSOR_DEFINITIONS = (
					"DEBUG=1",
					"$(inherited)",
				);
				GCC_WARN_64_TO_32_BIT_CONVERSION = YES;
				GCC_WARN_ABOUT_RETURN_TYPE = YES_ERROR;
				GCC_WARN_UNDECLARED_SELECTOR = YES;
				GCC_WARN_UNINITIALIZED_AUTOS = YES_AGGRESSIVE;
				GCC_WARN_UNUSED_FUNCTION = YES;
				GCC_WARN_UNUSED_VARIABLE = YES;
				IPHONEOS_DEPLOYMENT_TARGET = 14.5;
				MTL_ENABLE_DEBUG_INFO = INCLUDE_SOURCE;
				MTL_FAST_MATH = YES;
				ONLY_ACTIVE_ARCH = YES;
				SDKROOT = iphoneos;
				SWIFT_ACTIVE_COMPILATION_CONDITIONS = DEBUG;
				SWIFT_OPTIMIZATION_LEVEL = "-Onone";
			};
			name = Debug;
		};
		169B49EB264BAA15007B1C7B /* Release */ = {
			isa = XCBuildConfiguration;
			buildSettings = {
				ALWAYS_SEARCH_USER_PATHS = NO;
				CLANG_ANALYZER_NONNULL = YES;
				CLANG_ANALYZER_NUMBER_OBJECT_CONVERSION = YES_AGGRESSIVE;
				CLANG_CXX_LANGUAGE_STANDARD = "gnu++14";
				CLANG_CXX_LIBRARY = "libc++";
				CLANG_ENABLE_MODULES = YES;
				CLANG_ENABLE_OBJC_ARC = YES;
				CLANG_ENABLE_OBJC_WEAK = YES;
				CLANG_WARN_BLOCK_CAPTURE_AUTORELEASING = YES;
				CLANG_WARN_BOOL_CONVERSION = YES;
				CLANG_WARN_COMMA = YES;
				CLANG_WARN_CONSTANT_CONVERSION = YES;
				CLANG_WARN_DEPRECATED_OBJC_IMPLEMENTATIONS = YES;
				CLANG_WARN_DIRECT_OBJC_ISA_USAGE = YES_ERROR;
				CLANG_WARN_DOCUMENTATION_COMMENTS = YES;
				CLANG_WARN_EMPTY_BODY = YES;
				CLANG_WARN_ENUM_CONVERSION = YES;
				CLANG_WARN_INFINITE_RECURSION = YES;
				CLANG_WARN_INT_CONVERSION = YES;
				CLANG_WARN_NON_LITERAL_NULL_CONVERSION = YES;
				CLANG_WARN_OBJC_IMPLICIT_RETAIN_SELF = YES;
				CLANG_WARN_OBJC_LITERAL_CONVERSION = YES;
				CLANG_WARN_OBJC_ROOT_CLASS = YES_ERROR;
				CLANG_WARN_QUOTED_INCLUDE_IN_FRAMEWORK_HEADER = YES;
				CLANG_WARN_RANGE_LOOP_ANALYSIS = YES;
				CLANG_WARN_STRICT_PROTOTYPES = YES;
				CLANG_WARN_SUSPICIOUS_MOVE = YES;
				CLANG_WARN_UNGUARDED_AVAILABILITY = YES_AGGRESSIVE;
				CLANG_WARN_UNREACHABLE_CODE = YES;
				CLANG_WARN__DUPLICATE_METHOD_MATCH = YES;
				COPY_PHASE_STRIP = NO;
				DEBUG_INFORMATION_FORMAT = "dwarf-with-dsym";
				ENABLE_NS_ASSERTIONS = NO;
				ENABLE_STRICT_OBJC_MSGSEND = YES;
				GCC_C_LANGUAGE_STANDARD = gnu11;
				GCC_NO_COMMON_BLOCKS = YES;
				GCC_WARN_64_TO_32_BIT_CONVERSION = YES;
				GCC_WARN_ABOUT_RETURN_TYPE = YES_ERROR;
				GCC_WARN_UNDECLARED_SELECTOR = YES;
				GCC_WARN_UNINITIALIZED_AUTOS = YES_AGGRESSIVE;
				GCC_WARN_UNUSED_FUNCTION = YES;
				GCC_WARN_UNUSED_VARIABLE = YES;
				IPHONEOS_DEPLOYMENT_TARGET = 14.5;
				MTL_ENABLE_DEBUG_INFO = NO;
				MTL_FAST_MATH = YES;
				SDKROOT = iphoneos;
				SWIFT_COMPILATION_MODE = wholemodule;
				SWIFT_OPTIMIZATION_LEVEL = "-O";
				VALIDATE_PRODUCT = YES;
			};
			name = Release;
		};
		169B49ED264BAA15007B1C7B /* Debug */ = {
			isa = XCBuildConfiguration;
			buildSettings = {
				ASSETCATALOG_COMPILER_APPICON_NAME = AppIcon;
				ASSETCATALOG_COMPILER_GLOBAL_ACCENT_COLOR_NAME = AccentColor;
				CODE_SIGN_STYLE = Automatic;
				DEVELOPMENT_TEAM = 227ZBC49P7;
				INFOPLIST_FILE = Calculator/Info.plist;
				LD_RUNPATH_SEARCH_PATHS = (
					"$(inherited)",
					"@executable_path/Frameworks",
				);
				PRODUCT_BUNDLE_IDENTIFIER = app.onaya.azu.Calculator;
				PRODUCT_NAME = "$(TARGET_NAME)";
				SWIFT_VERSION = 5.0;
				TARGETED_DEVICE_FAMILY = "1,2";
			};
			name = Debug;
		};
		169B49EE264BAA15007B1C7B /* Release */ = {
			isa = XCBuildConfiguration;
			buildSettings = {
				ASSETCATALOG_COMPILER_APPICON_NAME = AppIcon;
				ASSETCATALOG_COMPILER_GLOBAL_ACCENT_COLOR_NAME = AccentColor;
				CODE_SIGN_STYLE = Automatic;
				DEVELOPMENT_TEAM = 227ZBC49P7;
				INFOPLIST_FILE = Calculator/Info.plist;
				LD_RUNPATH_SEARCH_PATHS = (
					"$(inherited)",
					"@executable_path/Frameworks",
				);
				PRODUCT_BUNDLE_IDENTIFIER = app.onaya.azu.Calculator;
				PRODUCT_NAME = "$(TARGET_NAME)";
				SWIFT_VERSION = 5.0;
				TARGETED_DEVICE_FAMILY = "1,2";
			};
			name = Release;
		};
		169B49F0264BAA15007B1C7B /* Debug */ = {
			isa = XCBuildConfiguration;
			buildSettings = {
				ALWAYS_EMBED_SWIFT_STANDARD_LIBRARIES = YES;
				BUNDLE_LOADER = "$(TEST_HOST)";
				CODE_SIGN_STYLE = Automatic;
				DEVELOPMENT_TEAM = 227ZBC49P7;
				INFOPLIST_FILE = CalculatorTests/Info.plist;
				IPHONEOS_DEPLOYMENT_TARGET = 14.5;
				LD_RUNPATH_SEARCH_PATHS = (
					"$(inherited)",
					"@executable_path/Frameworks",
					"@loader_path/Frameworks",
				);
				PRODUCT_BUNDLE_IDENTIFIER = app.onaya.azu.CalculatorTests;
				PRODUCT_NAME = "$(TARGET_NAME)";
				SWIFT_VERSION = 5.0;
				TARGETED_DEVICE_FAMILY = "1,2";
				TEST_HOST = "$(BUILT_PRODUCTS_DIR)/Calculator.app/Calculator";
			};
			name = Debug;
		};
		169B49F1264BAA15007B1C7B /* Release */ = {
			isa = XCBuildConfiguration;
			buildSettings = {
				ALWAYS_EMBED_SWIFT_STANDARD_LIBRARIES = YES;
				BUNDLE_LOADER = "$(TEST_HOST)";
				CODE_SIGN_STYLE = Automatic;
				DEVELOPMENT_TEAM = 227ZBC49P7;
				INFOPLIST_FILE = CalculatorTests/Info.plist;
				IPHONEOS_DEPLOYMENT_TARGET = 14.5;
				LD_RUNPATH_SEARCH_PATHS = (
					"$(inherited)",
					"@executable_path/Frameworks",
					"@loader_path/Frameworks",
				);
				PRODUCT_BUNDLE_IDENTIFIER = app.onaya.azu.CalculatorTests;
				PRODUCT_NAME = "$(TARGET_NAME)";
				SWIFT_VERSION = 5.0;
				TARGETED_DEVICE_FAMILY = "1,2";
				TEST_HOST = "$(BUILT_PRODUCTS_DIR)/Calculator.app/Calculator";
			};
			name = Release;
		};
		169B49F3264BAA15007B1C7B /* Debug */ = {
			isa = XCBuildConfiguration;
			buildSettings = {
				ALWAYS_EMBED_SWIFT_STANDARD_LIBRARIES = YES;
				CODE_SIGN_STYLE = Automatic;
				DEVELOPMENT_TEAM = 227ZBC49P7;
				INFOPLIST_FILE = CalculatorUITests/Info.plist;
				LD_RUNPATH_SEARCH_PATHS = (
					"$(inherited)",
					"@executable_path/Frameworks",
					"@loader_path/Frameworks",
				);
				PRODUCT_BUNDLE_IDENTIFIER = app.onaya.azu.CalculatorUITests;
				PRODUCT_NAME = "$(TARGET_NAME)";
				SWIFT_VERSION = 5.0;
				TARGETED_DEVICE_FAMILY = "1,2";
				TEST_TARGET_NAME = Calculator;
			};
			name = Debug;
		};
		169B49F4264BAA15007B1C7B /* Release */ = {
			isa = XCBuildConfiguration;
			buildSettings = {
				ALWAYS_EMBED_SWIFT_STANDARD_LIBRARIES = YES;
				CODE_SIGN_STYLE = Automatic;
				DEVELOPMENT_TEAM = 227ZBC49P7;
				INFOPLIST_FILE = CalculatorUITests/Info.plist;
				LD_RUNPATH_SEARCH_PATHS = (
					"$(inherited)",
					"@executable_path/Frameworks",
					"@loader_path/Frameworks",
				);
				PRODUCT_BUNDLE_IDENTIFIER = app.onaya.azu.CalculatorUITests;
				PRODUCT_NAME = "$(TARGET_NAME)";
				SWIFT_VERSION = 5.0;
				TARGETED_DEVICE_FAMILY = "1,2";
				TEST_TARGET_NAME = Calculator;
			};
			name = Release;
		};
/* End XCBuildConfiguration section */

/* Begin XCConfigurationList section */
		169B49BD264BAA0C007B1C7B /* Build configuration list for PBXProject "Calculator" */ = {
			isa = XCConfigurationList;
			buildConfigurations = (
				169B49EA264BAA15007B1C7B /* Debug */,
				169B49EB264BAA15007B1C7B /* Release */,
			);
			defaultConfigurationIsVisible = 0;
			defaultConfigurationName = Release;
		};
		169B49EC264BAA15007B1C7B /* Build configuration list for PBXNativeTarget "Calculator" */ = {
			isa = XCConfigurationList;
			buildConfigurations = (
				169B49ED264BAA15007B1C7B /* Debug */,
				169B49EE264BAA15007B1C7B /* Release */,
			);
			defaultConfigurationIsVisible = 0;
			defaultConfigurationName = Release;
		};
		169B49EF264BAA15007B1C7B /* Build configuration list for PBXNativeTarget "CalculatorTests" */ = {
			isa = XCConfigurationList;
			buildConfigurations = (
				169B49F0264BAA15007B1C7B /* Debug */,
				169B49F1264BAA15007B1C7B /* Release */,
			);
			defaultConfigurationIsVisible = 0;
			defaultConfigurationName = Release;
		};
		169B49F2264BAA15007B1C7B /* Build configuration list for PBXNativeTarget "CalculatorUITests" */ = {
			isa = XCConfigurationList;
			buildConfigurations = (
				169B49F3264BAA15007B1C7B /* Debug */,
				169B49F4264BAA15007B1C7B /* Release */,
			);
			defaultConfigurationIsVisible = 0;
			defaultConfigurationName = Release;
		};
/* End XCConfigurationList section */
	};
	rootObject = 169B49BA264BAA0C007B1C7B /* Project object */;
}
